
Microsoft Visual Studio Solution File, Format Version 12.00
# Visual Studio 15
VisualStudioVersion = 15.0.27703.2042
MinimumVisualStudioVersion = 10.0.40219.1
Project("{FAE04EC0-301F-11D3-BF4B-00C04F79EFBC}") = "Run-length", "Run-length\Run-length.csproj", "{D03C6913-B4FE-421F-B781-2AAD76653431}"
EndProject
Global
	GlobalSection(SolutionConfigurationPlatforms) = preSolution
		Debug|Any CPU = Debug|Any CPU
		Release|Any CPU = Release|Any CPU
	EndGlobalSection
	GlobalSection(ProjectConfigurationPlatforms) = postSolution
		{D03C6913-B4FE-421F-B781-2AAD76653431}.Debug|Any CPU.ActiveCfg = Debug|Any CPU
		{D03C6913-B4FE-421F-B781-2AAD76653431}.Debug|Any CPU.Build.0 = Debug|Any CPU
		{D03C6913-B4FE-421F-B781-2AAD76653431}.Release|Any CPU.ActiveCfg = Release|Any CPU
		{D03C6913-B4FE-421F-B781-2AAD76653431}.Release|Any CPU.Build.0 = Release|Any CPU
	EndGlobalSection
	GlobalSection(SolutionProperties) = preSolution
		HideSolutionNode = FALSE
	EndGlobalSection
	GlobalSection(ExtensibilityGlobals) = postSolution
		SolutionGuid = {879F21A9-AB0A-40AC-81E3-4C2BD4659D80}
	EndGlobalSection
EndGlobal
